
Microsoft Visual Studio Solution File, Format Version 12.00
# Visual Studio 14
VisualStudioVersion = 14.0.25420.1
MinimumVisualStudioVersion = 10.0.40219.1
Project("{FAE04EC0-301F-11D3-BF4B-00C04F79EFBC}") = "Data", "Data\Data.csproj", "{E19DC8ED-1BB8-4E09-A412-7AEBE7CC1D8C}"
EndProject
Project("{FAE04EC0-301F-11D3-BF4B-00C04F79EFBC}") = "Entity", "Entity\Entity.csproj", "{BC55E004-6577-4AB8-ADB0-5237AAE38736}"
EndProject
Project("{FAE04EC0-301F-11D3-BF4B-00C04F79EFBC}") = "Logic", "Logic\Logic.csproj", "{D37B44EE-A103-49E5-9BE5-A5B46F9C0F29}"
EndProject
Project("{FAE04EC0-301F-11D3-BF4B-00C04F79EFBC}") = "SistemaAdministracionSalonBelleza", "SistemaAdministracionSalonBelleza\SistemaAdministracionSalonBelleza.csproj", "{F6C0F8B2-3EB1-405B-AB2A-73E94D7451D9}"
EndProject
Global
	GlobalSection(SolutionConfigurationPlatforms) = preSolution
		Debug|Any CPU = Debug|Any CPU
		Release|Any CPU = Release|Any CPU
	EndGlobalSection
	GlobalSection(ProjectConfigurationPlatforms) = postSolution
		{E19DC8ED-1BB8-4E09-A412-7AEBE7CC1D8C}.Debug|Any CPU.ActiveCfg = Debug|Any CPU
		{E19DC8ED-1BB8-4E09-A412-7AEBE7CC1D8C}.Debug|Any CPU.Build.0 = Debug|Any CPU
		{E19DC8ED-1BB8-4E09-A412-7AEBE7CC1D8C}.Release|Any CPU.ActiveCfg = Release|Any CPU
		{E19DC8ED-1BB8-4E09-A412-7AEBE7CC1D8C}.Release|Any CPU.Build.0 = Release|Any CPU
		{BC55E004-6577-4AB8-ADB0-5237AAE38736}.Debug|Any CPU.ActiveCfg = Debug|Any CPU
		{BC55E004-6577-4AB8-ADB0-5237AAE38736}.Debug|Any CPU.Build.0 = Debug|Any CPU
		{BC55E004-6577-4AB8-ADB0-5237AAE38736}.Release|Any CPU.ActiveCfg = Release|Any CPU
		{BC55E004-6577-4AB8-ADB0-5237AAE38736}.Release|Any CPU.Build.0 = Release|Any CPU
		{D37B44EE-A103-49E5-9BE5-A5B46F9C0F29}.Debug|Any CPU.ActiveCfg = Debug|Any CPU
		{D37B44EE-A103-49E5-9BE5-A5B46F9C0F29}.Debug|Any CPU.Build.0 = Debug|Any CPU
		{D37B44EE-A103-49E5-9BE5-A5B46F9C0F29}.Release|Any CPU.ActiveCfg = Release|Any CPU
		{D37B44EE-A103-49E5-9BE5-A5B46F9C0F29}.Release|Any CPU.Build.0 = Release|Any CPU
		{F6C0F8B2-3EB1-405B-AB2A-73E94D7451D9}.Debug|Any CPU.ActiveCfg = Debug|Any CPU
		{F6C0F8B2-3EB1-405B-AB2A-73E94D7451D9}.Debug|Any CPU.Build.0 = Debug|Any CPU
		{F6C0F8B2-3EB1-405B-AB2A-73E94D7451D9}.Release|Any CPU.ActiveCfg = Release|Any CPU
		{F6C0F8B2-3EB1-405B-AB2A-73E94D7451D9}.Release|Any CPU.Build.0 = Release|Any CPU
	EndGlobalSection
	GlobalSection(SolutionProperties) = preSolution
		HideSolutionNode = FALSE
	EndGlobalSection
	GlobalSection(ExtensibilityGlobals) = postSolution
		SolutionGuid = {A55431CD-B513-41A0-A84C-73487386618E}
	EndGlobalSection
EndGlobal
